
Microsoft Visual Studio Solution File, Format Version 12.00
# Visual Studio Version 16
VisualStudioVersion = 16.0.31105.61
MinimumVisualStudioVersion = 10.0.40219.1
Project("{FAE04EC0-301F-11D3-BF4B-00C04F79EFBC}") = "Day05AllInputsAli", "Day05AllInputsAli.csproj", "{544B3D84-245D-4946-A94F-A589A1126A76}"
EndProject
Global
	GlobalSection(SolutionConfigurationPlatforms) = preSolution
		Debug|Any CPU = Debug|Any CPU
		Release|Any CPU = Release|Any CPU
	EndGlobalSection
	GlobalSection(ProjectConfigurationPlatforms) = postSolution
		{544B3D84-245D-4946-A94F-A589A1126A76}.Debug|Any CPU.ActiveCfg = Debug|Any CPU
		{544B3D84-245D-4946-A94F-A589A1126A76}.Debug|Any CPU.Build.0 = Debug|Any CPU
		{544B3D84-245D-4946-A94F-A589A1126A76}.Release|Any CPU.ActiveCfg = Release|Any CPU
		{544B3D84-245D-4946-A94F-A589A1126A76}.Release|Any CPU.Build.0 = Release|Any CPU
	EndGlobalSection
	GlobalSection(SolutionProperties) = preSolution
		HideSolutionNode = FALSE
	EndGlobalSection
	GlobalSection(ExtensibilityGlobals) = postSolution
		SolutionGuid = {FF72F933-2CF2-42C2-B69D-2FB4A1C5C38A}
	EndGlobalSection
EndGlobal
