
Microsoft Visual Studio Solution File, Format Version 12.00
# Visual Studio Version 16
VisualStudioVersion = 16.0.31105.61
MinimumVisualStudioVersion = 10.0.40219.1
Project("{FAE04EC0-301F-11D3-BF4B-00C04F79EFBC}") = "Day01PeopleArrayAli", "Day01PeopleArrayAli.csproj", "{0394DE63-E11F-4B46-8EED-DFCBC97E2AAD}"
EndProject
Global
	GlobalSection(SolutionConfigurationPlatforms) = preSolution
		Debug|Any CPU = Debug|Any CPU
		Release|Any CPU = Release|Any CPU
	EndGlobalSection
	GlobalSection(ProjectConfigurationPlatforms) = postSolution
		{0394DE63-E11F-4B46-8EED-DFCBC97E2AAD}.Debug|Any CPU.ActiveCfg = Debug|Any CPU
		{0394DE63-E11F-4B46-8EED-DFCBC97E2AAD}.Debug|Any CPU.Build.0 = Debug|Any CPU
		{0394DE63-E11F-4B46-8EED-DFCBC97E2AAD}.Release|Any CPU.ActiveCfg = Release|Any CPU
		{0394DE63-E11F-4B46-8EED-DFCBC97E2AAD}.Release|Any CPU.Build.0 = Release|Any CPU
	EndGlobalSection
	GlobalSection(SolutionProperties) = preSolution
		HideSolutionNode = FALSE
	EndGlobalSection
	GlobalSection(ExtensibilityGlobals) = postSolution
		SolutionGuid = {6A21B4A3-5852-4CE9-8D7D-B684865C1979}
	EndGlobalSection
EndGlobal
