
Microsoft Visual Studio Solution File, Format Version 12.00
# Visual Studio Version 16
VisualStudioVersion = 16.0.31105.61
MinimumVisualStudioVersion = 10.0.40219.1
Project("{FAE04EC0-301F-11D3-BF4B-00C04F79EFBC}") = "Day06HelloWpfAli", "Day06HelloWpfAli.csproj", "{958B78AD-38ED-4580-B9A2-04041B6A27C6}"
EndProject
Global
	GlobalSection(SolutionConfigurationPlatforms) = preSolution
		Debug|Any CPU = Debug|Any CPU
		Release|Any CPU = Release|Any CPU
	EndGlobalSection
	GlobalSection(ProjectConfigurationPlatforms) = postSolution
		{958B78AD-38ED-4580-B9A2-04041B6A27C6}.Debug|Any CPU.ActiveCfg = Debug|Any CPU
		{958B78AD-38ED-4580-B9A2-04041B6A27C6}.Debug|Any CPU.Build.0 = Debug|Any CPU
		{958B78AD-38ED-4580-B9A2-04041B6A27C6}.Release|Any CPU.ActiveCfg = Release|Any CPU
		{958B78AD-38ED-4580-B9A2-04041B6A27C6}.Release|Any CPU.Build.0 = Release|Any CPU
	EndGlobalSection
	GlobalSection(SolutionProperties) = preSolution
		HideSolutionNode = FALSE
	EndGlobalSection
	GlobalSection(ExtensibilityGlobals) = postSolution
		SolutionGuid = {E6FAB976-5EF2-40B0-B47C-98B6732F37E5}
	EndGlobalSection
EndGlobal
